{
  "lockfileVersion": 1,
  "configVersion": 1,
  "workspaces": {
    "": {
      "devDependencies": {
        "@commitlint/config-conventional": "^20.4.1",
        "@commitlint/types": "^20.4.0",
        "conventional-changelog-conventionalcommits": "^9.1.0",
        "husky": "^9.1.7",
      },
    },
  },
  "packages": {
    "@commitlint/config-conventional": ["@commitlint/config-conventional@20.4.1", "", { "dependencies": { "@commitlint/types": "^20.4.0", "conventional-changelog-conventionalcommits": "^9.1.0" } }, "sha512-0YUvIeBtpi86XriqrR+TCULVFiyYTIOEPjK7tTRMxjcBm1qlzb+kz7IF2WxL6Fq5DaundG8VO37BNgMkMTBwqA=="],

    "@commitlint/types": ["@commitlint/types@20.4.0", "", { "dependencies": { "conventional-commits-parser": "^6.2.1", "picocolors": "^1.1.1" } }, "sha512-aO5l99BQJ0X34ft8b0h7QFkQlqxC6e7ZPVmBKz13xM9O8obDaM1Cld4sQlJDXXU/VFuUzQ30mVtHjVz74TuStw=="],

    "array-ify": ["array-ify@1.0.0", "", {}, "sha512-c5AMf34bKdvPhQ7tBGhqkgKNUzMr4WUs+WDtC2ZUGOUncbxKMTvqxYctiseW3+L4bA8ec+GcZ6/A/FW4m8ukng=="],

    "compare-func": ["compare-func@2.0.0", "", { "dependencies": { "array-ify": "^1.0.0", "dot-prop": "^5.1.0" } }, "sha512-zHig5N+tPWARooBnb0Zx1MFcdfpyJrfTJ3Y5L+IFvUm8rM74hHz66z0gw0x4tijh5CorKkKUCnW82R2vmpeCRA=="],

    "conventional-changelog-conventionalcommits": ["conventional-changelog-conventionalcommits@9.1.0", "", { "dependencies": { "compare-func": "^2.0.0" } }, "sha512-MnbEysR8wWa8dAEvbj5xcBgJKQlX/m0lhS8DsyAAWDHdfs2faDJxTgzRYlRYpXSe7UiKrIIlB4TrBKU9q9DgkA=="],

    "conventional-commits-parser": ["conventional-commits-parser@6.2.1", "", { "dependencies": { "meow": "^13.0.0" }, "bin": { "conventional-commits-parser": "dist/cli/index.js" } }, "sha512-20pyHgnO40rvfI0NGF/xiEoFMkXDtkF8FwHvk5BokoFoCuTQRI8vrNCNFWUOfuolKJMm1tPCHc8GgYEtr1XRNA=="],

    "dot-prop": ["dot-prop@5.3.0", "", { "dependencies": { "is-obj": "^2.0.0" } }, "sha512-QM8q3zDe58hqUqjraQOmzZ1LIH9SWQJTlEKCH4kJ2oQvLZk7RbQXvtDM2XEq3fwkV9CCvvH4LA0AV+ogFsBM2Q=="],

    "husky": ["husky@9.1.7", "", { "bin": { "husky": "bin.js" } }, "sha512-5gs5ytaNjBrh5Ow3zrvdUUY+0VxIuWVL4i9irt6friV+BqdCfmV11CQTWMiBYWHbXhco+J1kHfTOUkePhCDvMA=="],

    "is-obj": ["is-obj@2.0.0", "", {}, "sha512-drqDG3cbczxxEJRoOXcOjtdp1J/lyp1mNn0xaznRs8+muBhgQcrnbspox5X5fOw0HnMnbfDzvnEMEtqDEJEo8w=="],

    "meow": ["meow@13.2.0", "", {}, "sha512-pxQJQzB6djGPXh08dacEloMFopsOqGVRKFPYvPOt9XDZ1HasbgDZA74CJGreSU4G3Ak7EFJGoiH2auq+yXISgA=="],

    "picocolors": ["picocolors@1.1.1", "", {}, "sha512-xceH2snhtb5M9liqDsmEw56le376mTZkEX/jEb/RxNFyegNul7eNslCXP9FDj/Lcu0X8KEyMceP2ntpaHrDEVA=="],
  }
}
